// !$*UTF8*$!
{
	archiveVersion = 1;
	classes = {
	};
	objectVersion = 50;
	objects = {

/* Begin PBXBuildFile section */
		13CF8163226232BC00458E8C /* AppDelegate.m in Sources */ = {isa = PBXBuildFile; fileRef = 13CF8162226232BC00458E8C /* AppDelegate.m */; };
		13CF8166226232BC00458E8C /* ViewController.m in Sources */ = {isa = PBXBuildFile; fileRef = 13CF8165226232BC00458E8C /* ViewController.m */; };
		13CF8169226232BC00458E8C /* Main.storyboard in Resources */ = {isa = PBXBuildFile; fileRef = 13CF8167226232BC00458E8C /* Main.storyboard */; };
		13CF816B226232BD00458E8C /* Assets.xcassets in Resources */ = {isa = PBXBuildFile; fileRef = 13CF816A226232BD00458E8C /* Assets.xcassets */; };
		13CF816E226232BD00458E8C /* LaunchScreen.storyboard in Resources */ = {isa = PBXBuildFile; fileRef = 13CF816C226232BD00458E8C /* LaunchScreen.storyboard */; };
		13CF8171226232BD00458E8C /* main.m in Sources */ = {isa = PBXBuildFile; fileRef = 13CF8170226232BD00458E8C /* main.m */; };
		13CF8179226232FF00458E8C /* MessageUI.framework in Frameworks */ = {isa = PBXBuildFile; fileRef = 13CF8178226232FF00458E8C /* MessageUI.framework */; };
		13CF817C22623C0400458E8C /* GMMailManager.m in Sources */ = {isa = PBXBuildFile; fileRef = 13CF817B22623C0400458E8C /* GMMailManager.m */; };
		13CF817E22624A9700458E8C /* 3.png in Resources */ = {isa = PBXBuildFile; fileRef = 13CF817D22624A9600458E8C /* 3.png */; };
/* End PBXBuildFile section */

/* Begin PBXFileReference section */
		13CF815E226232BC00458E8C /* MailSendDemo.app */ = {isa = PBXFileReference; explicitFileType = wrapper.application; includeInIndex = 0; path = MailSendDemo.app; sourceTree = BUILT_PRODUCTS_DIR; };
		13CF8161226232BC00458E8C /* AppDelegate.h */ = {isa = PBXFileReference; lastKnownFileType = sourcecode.c.h; path = AppDelegate.h; sourceTree = "<group>"; };
		13CF8162226232BC00458E8C /* AppDelegate.m */ = {isa = PBXFileReference; lastKnownFileType = sourcecode.c.objc; path = AppDelegate.m; sourceTree = "<group>"; };
		13CF8164226232BC00458E8C /* ViewController.h */ = {isa = PBXFileReference; lastKnownFileType = sourcecode.c.h; path = ViewController.h; sourceTree = "<group>"; };
		13CF8165226232BC00458E8C /* ViewController.m */ = {isa = PBXFileReference; lastKnownFileType = sourcecode.c.objc; path = ViewController.m; sourceTree = "<group>"; };
		13CF8168226232BC00458E8C /* Base */ = {isa = PBXFileReference; lastKnownFileType = file.storyboard; name = Base; path = Base.lproj/Main.storyboard; sourceTree = "<group>"; };
		13CF816A226232BD00458E8C /* Assets.xcassets */ = {isa = PBXFileReference; lastKnownFileType = folder.assetcatalog; path = Assets.xcassets; sourceTree = "<group>"; };
		13CF816D226232BD00458E8C /* Base */ = {isa = PBXFileReference; lastKnownFileType = file.storyboard; name = Base; path = Base.lproj/LaunchScreen.storyboard; sourceTree = "<group>"; };
		13CF816F226232BD00458E8C /* Info.plist */ = {isa = PBXFileReference; lastKnownFileType = text.plist.xml; path = Info.plist; sourceTree = "<group>"; };
		13CF8170226232BD00458E8C /* main.m */ = {isa = PBXFileReference; lastKnownFileType = sourcecode.c.objc; path = main.m; sourceTree = "<group>"; };
		13CF8178226232FF00458E8C /* MessageUI.framework */ = {isa = PBXFileReference; lastKnownFileType = wrapper.framework; name = MessageUI.framework; path = System/Library/Frameworks/MessageUI.framework; sourceTree = SDKROOT; };
		13CF817A22623C0400458E8C /* GMMailManager.h */ = {isa = PBXFileReference; lastKnownFileType = sourcecode.c.h; path = GMMailManager.h; sourceTree = "<group>"; };
		13CF817B22623C0400458E8C /* GMMailManager.m */ = {isa = PBXFileReference; lastKnownFileType = sourcecode.c.objc; path = GMMailManager.m; sourceTree = "<group>"; };
		13CF817D22624A9600458E8C /* 3.png */ = {isa = PBXFileReference; lastKnownFileType = image.png; path = 3.png; sourceTree = "<group>"; };
/* End PBXFileReference section */

/* Begin PBXFrameworksBuildPhase section */
		13CF815B226232BC00458E8C /* Frameworks */ = {
			isa = PBXFrameworksBuildPhase;
			buildActionMask = 2147483647;
			files = (
				13CF8179226232FF00458E8C /* MessageUI.framework in Frameworks */,
			);
			runOnlyForDeploymentPostprocessing = 0;
		};
/* End PBXFrameworksBuildPhase section */

/* Begin PBXGroup section */
		13CF8155226232BB00458E8C = {
			isa = PBXGroup;
			children = (
				13CF8160226232BC00458E8C /* MailSendDemo */,
				13CF815F226232BC00458E8C /* Products */,
				13CF8177226232FE00458E8C /* Frameworks */,
			);
			sourceTree = "<group>";
		};
		13CF815F226232BC00458E8C /* Products */ = {
			isa = PBXGroup;
			children = (
				13CF815E226232BC00458E8C /* MailSendDemo.app */,
			);
			name = Products;
			sourceTree = "<group>";
		};
		13CF8160226232BC00458E8C /* MailSendDemo */ = {
			isa = PBXGroup;
			children = (
				13CF8161226232BC00458E8C /* AppDelegate.h */,
				13CF8162226232BC00458E8C /* AppDelegate.m */,
				13CF817D22624A9600458E8C /* 3.png */,
				13CF817A22623C0400458E8C /* GMMailManager.h */,
				13CF817B22623C0400458E8C /* GMMailManager.m */,
				13CF8164226232BC00458E8C /* ViewController.h */,
				13CF8165226232BC00458E8C /* ViewController.m */,
				13CF8167226232BC00458E8C /* Main.storyboard */,
				13CF816A226232BD00458E8C /* Assets.xcassets */,
				13CF816C226232BD00458E8C /* LaunchScreen.storyboard */,
				13CF816F226232BD00458E8C /* Info.plist */,
				13CF8170226232BD00458E8C /* main.m */,
			);
			path = MailSendDemo;
			sourceTree = "<group>";
		};
		13CF8177226232FE00458E8C /* Frameworks */ = {
			isa = PBXGroup;
			children = (
				13CF8178226232FF00458E8C /* MessageUI.framework */,
			);
			name = Frameworks;
			sourceTree = "<group>";
		};
/* End PBXGroup section */

/* Begin PBXNativeTarget section */
		13CF815D226232BC00458E8C /* MailSendDemo */ = {
			isa = PBXNativeTarget;
			buildConfigurationList = 13CF8174226232BD00458E8C /* Build configuration list for PBXNativeTarget "MailSendDemo" */;
			buildPhases = (
				13CF815A226232BC00458E8C /* Sources */,
				13CF815B226232BC00458E8C /* Frameworks */,
				13CF815C226232BC00458E8C /* Resources */,
			);
			buildRules = (
			);
			dependencies = (
			);
			name = MailSendDemo;
			productName = MailSendDemo;
			productReference = 13CF815E226232BC00458E8C /* MailSendDemo.app */;
			productType = "com.apple.product-type.application";
		};
/* End PBXNativeTarget section */

/* Begin PBXProject section */
		13CF8156226232BB00458E8C /* Project object */ = {
			isa = PBXProject;
			attributes = {
				LastUpgradeCheck = 1010;
				ORGANIZATIONNAME = "小飞鸟";
				TargetAttributes = {
					13CF815D226232BC00458E8C = {
						CreatedOnToolsVersion = 10.1;
					};
				};
			};
			buildConfigurationList = 13CF8159226232BB00458E8C /* Build configuration list for PBXProject "MailSendDemo" */;
			compatibilityVersion = "Xcode 9.3";
			developmentRegion = en;
			hasScannedForEncodings = 0;
			knownRegions = (
				en,
				Base,
			);
			mainGroup = 13CF8155226232BB00458E8C;
			productRefGroup = 13CF815F226232BC00458E8C /* Products */;
			projectDirPath = "";
			projectRoot = "";
			targets = (
				13CF815D226232BC00458E8C /* MailSendDemo */,
			);
		};
/* End PBXProject section */

/* Begin PBXResourcesBuildPhase section */
		13CF815C226232BC00458E8C /* Resources */ = {
			isa = PBXResourcesBuildPhase;
			buildActionMask = 2147483647;
			files = (
				13CF816E226232BD00458E8C /* LaunchScreen.storyboard in Resources */,
				13CF816B226232BD00458E8C /* Assets.xcassets in Resources */,
				13CF8169226232BC00458E8C /* Main.storyboard in Resources */,
				13CF817E22624A9700458E8C /* 3.png in Resources */,
			);
			runOnlyForDeploymentPostprocessing = 0;
		};
/* End PBXResourcesBuildPhase section */

/* Begin PBXSourcesBuildPhase section */
		13CF815A226232BC00458E8C /* Sources */ = {
			isa = PBXSourcesBuildPhase;
			buildActionMask = 2147483647;
			files = (
				13CF817C22623C0400458E8C /* GMMailManager.m in Sources */,
				13CF8166226232BC00458E8C /* ViewController.m in Sources */,
				13CF8171226232BD00458E8C /* main.m in Sources */,
				13CF8163226232BC00458E8C /* AppDelegate.m in Sources */,
			);
			runOnlyForDeploymentPostprocessing = 0;
		};
/* End PBXSourcesBuildPhase section */

/* Begin PBXVariantGroup section */
		13CF8167226232BC00458E8C /* Main.storyboard */ = {
			isa = PBXVariantGroup;
			children = (
				13CF8168226232BC00458E8C /* Base */,
			);
			name = Main.storyboard;
			sourceTree = "<group>";
		};
		13CF816C226232BD00458E8C /* LaunchScreen.storyboard */ = {
			isa = PBXVariantGroup;
			children = (
				13CF816D226232BD00458E8C /* Base */,
			);
			name = LaunchScreen.storyboard;
			sourceTree = "<group>";
		};
/* End PBXVariantGroup section */

/* Begin XCBuildConfiguration section */
		13CF8172226232BD00458E8C /* Debug */ = {
			isa = XCBuildConfiguration;
			buildSettings = {
				ALWAYS_SEARCH_USER_PATHS = NO;
				CLANG_ANALYZER_NONNULL = YES;
				CLANG_ANALYZER_NUMBER_OBJECT_CONVERSION = YES_AGGRESSIVE;
				CLANG_CXX_LANGUAGE_STANDARD = "gnu++14";
				CLANG_CXX_LIBRARY = "libc++";
				CLANG_ENABLE_MODULES = YES;
				CLANG_ENABLE_OBJC_ARC = YES;
				CLANG_ENABLE_OBJC_WEAK = YES;
				CLANG_WARN_BLOCK_CAPTURE_AUTORELEASING = YES;
				CLANG_WARN_BOOL_CONVERSION = YES;
				CLANG_WARN_COMMA = YES;
				CLANG_WARN_CONSTANT_CONVERSION = YES;
				CLANG_WARN_DEPRECATED_OBJC_IMPLEMENTATIONS = YES;
				CLANG_WARN_DIRECT_OBJC_ISA_USAGE = YES_ERROR;
				CLANG_WARN_DOCUMENTATION_COMMENTS = YES;
				CLANG_WARN_EMPTY_BODY = YES;
				CLANG_WARN_ENUM_CONVERSION = YES;
				CLANG_WARN_INFINITE_RECURSION = YES;
				CLANG_WARN_INT_CONVERSION = YES;
				CLANG_WARN_NON_LITERAL_NULL_CONVERSION = YES;
				CLANG_WARN_OBJC_IMPLICIT_RETAIN_SELF = YES;
				CLANG_WARN_OBJC_LITERAL_CONVERSION = YES;
				CLANG_WARN_OBJC_ROOT_CLASS = YES_ERROR;
				CLANG_WARN_RANGE_LOOP_ANALYSIS = YES;
				CLANG_WARN_STRICT_PROTOTYPES = YES;
				CLANG_WARN_SUSPICIOUS_MOVE = YES;
				CLANG_WARN_UNGUARDED_AVAILABILITY = YES_AGGRESSIVE;
				CLANG_WARN_UNREACHABLE_CODE = YES;
				CLANG_WARN__DUPLICATE_METHOD_MATCH = YES;
				CODE_SIGN_IDENTITY = "iPhone Developer";
				COPY_PHASE_STRIP = NO;
				DEBUG_INFORMATION_FORMAT = dwarf;
				ENABLE_STRICT_OBJC_MSGSEND = YES;
				ENABLE_TESTABILITY = YES;
				GCC_C_LANGUAGE_STANDARD = gnu11;
				GCC_DYNAMIC_NO_PIC = NO;
				GCC_NO_COMMON_BLOCKS = YES;
				GCC_OPTIMIZATION_LEVEL = 0;
				GCC_PREPROCESSOR_DEFINITIONS = (
					"DEBUG=1",
					"$(inherited)",
				);
				GCC_WARN_64_TO_32_BIT_CONVERSION = YES;
				GCC_WARN_ABOUT_RETURN_TYPE = YES_ERROR;
				GCC_WARN_UNDECLARED_SELECTOR = YES;
				GCC_WARN_UNINITIALIZED_AUTOS = YES_AGGRESSIVE;
				GCC_WARN_UNUSED_FUNCTION = YES;
				GCC_WARN_UNUSED_VARIABLE = YES;
				IPHONEOS_DEPLOYMENT_TARGET = 12.1;
				MTL_ENABLE_DEBUG_INFO = INCLUDE_SOURCE;
				MTL_FAST_MATH = YES;
				ONLY_ACTIVE_ARCH = YES;
				SDKROOT = iphoneos;
			};
			name = Debug;
		};
		13CF8173226232BD00458E8C /* Release */ = {
			isa = XCBuildConfiguration;
			buildSettings = {
				ALWAYS_SEARCH_USER_PATHS = NO;
				CLANG_ANALYZER_NONNULL = YES;
				CLANG_ANALYZER_NUMBER_OBJECT_CONVERSION = YES_AGGRESSIVE;
				CLANG_CXX_LANGUAGE_STANDARD = "gnu++14";
				CLANG_CXX_LIBRARY = "libc++";
				CLANG_ENABLE_MODULES = YES;
				CLANG_ENABLE_OBJC_ARC = YES;
				CLANG_ENABLE_OBJC_WEAK = YES;
				CLANG_WARN_BLOCK_CAPTURE_AUTORELEASING = YES;
				CLANG_WARN_BOOL_CONVERSION = YES;
				CLANG_WARN_COMMA = YES;
				CLANG_WARN_CONSTANT_CONVERSION = YES;
				CLANG_WARN_DEPRECATED_OBJC_IMPLEMENTATIONS = YES;
				CLANG_WARN_DIRECT_OBJC_ISA_USAGE = YES_ERROR;
				CLANG_WARN_DOCUMENTATION_COMMENTS = YES;
				CLANG_WARN_EMPTY_BODY = YES;
				CLANG_WARN_ENUM_CONVERSION = YES;
				CLANG_WARN_INFINITE_RECURSION = YES;
				CLANG_WARN_INT_CONVERSION = YES;
				CLANG_WARN_NON_LITERAL_NULL_CONVERSION = YES;
				CLANG_WARN_OBJC_IMPLICIT_RETAIN_SELF = YES;
				CLANG_WARN_OBJC_LITERAL_CONVERSION = YES;
				CLANG_WARN_OBJC_ROOT_CLASS = YES_ERROR;
				CLANG_WARN_RANGE_LOOP_ANALYSIS = YES;
				CLANG_WARN_STRICT_PROTOTYPES = YES;
				CLANG_WARN_SUSPICIOUS_MOVE = YES;
				CLANG_WARN_UNGUARDED_AVAILABILITY = YES_AGGRESSIVE;
				CLANG_WARN_UNREACHABLE_CODE = YES;
				CLANG_WARN__DUPLICATE_METHOD_MATCH = YES;
				CODE_SIGN_IDENTITY = "iPhone Developer";
				COPY_PHASE_STRIP = NO;
				DEBUG_INFORMATION_FORMAT = "dwarf-with-dsym";
				ENABLE_NS_ASSERTIONS = NO;
				ENABLE_STRICT_OBJC_MSGSEND = YES;
				GCC_C_LANGUAGE_STANDARD = gnu11;
				GCC_NO_COMMON_BLOCKS = YES;
				GCC_WARN_64_TO_32_BIT_CONVERSION = YES;
				GCC_WARN_ABOUT_RETURN_TYPE = YES_ERROR;
				GCC_WARN_UNDECLARED_SELECTOR = YES;
				GCC_WARN_UNINITIALIZED_AUTOS = YES_AGGRESSIVE;
				GCC_WARN_UNUSED_FUNCTION = YES;
				GCC_WARN_UNUSED_VARIABLE = YES;
				IPHONEOS_DEPLOYMENT_TARGET = 12.1;
				MTL_ENABLE_DEBUG_INFO = NO;
				MTL_FAST_MATH = YES;
				SDKROOT = iphoneos;
				VALIDATE_PRODUCT = YES;
			};
			name = Release;
		};
		13CF8175226232BD00458E8C /* Debug */ = {
			isa = XCBuildConfiguration;
			buildSettings = {
				ASSETCATALOG_COMPILER_APPICON_NAME = AppIcon;
				CODE_SIGN_STYLE = Automatic;
				DEVELOPMENT_TEAM = DVSEF92325;
				INFOPLIST_FILE = MailSendDemo/Info.plist;
				IPHONEOS_DEPLOYMENT_TARGET = 9.0;
				LD_RUNPATH_SEARCH_PATHS = (
					"$(inherited)",
					"@executable_path/Frameworks",
				);
				PRODUCT_BUNDLE_IDENTIFIER = com.zhph.user.MailSendDemo;
				PRODUCT_NAME = "$(TARGET_NAME)";
				TARGETED_DEVICE_FAMILY = "1,2";
			};
			name = Debug;
		};
		13CF8176226232BD00458E8C /* Release */ = {
			isa = XCBuildConfiguration;
			buildSettings = {
				ASSETCATALOG_COMPILER_APPICON_NAME = AppIcon;
				CODE_SIGN_STYLE = Automatic;
				DEVELOPMENT_TEAM = DVSEF92325;
				INFOPLIST_FILE = MailSendDemo/Info.plist;
				IPHONEOS_DEPLOYMENT_TARGET = 9.0;
				LD_RUNPATH_SEARCH_PATHS = (
					"$(inherited)",
					"@executable_path/Frameworks",
				);
				PRODUCT_BUNDLE_IDENTIFIER = com.zhph.user.MailSendDemo;
				PRODUCT_NAME = "$(TARGET_NAME)";
				TARGETED_DEVICE_FAMILY = "1,2";
			};
			name = Release;
		};
/* End XCBuildConfiguration section */

/* Begin XCConfigurationList section */
		13CF8159226232BB00458E8C /* Build configuration list for PBXProject "MailSendDemo" */ = {
			isa = XCConfigurationList;
			buildConfigurations = (
				13CF8172226232BD00458E8C /* Debug */,
				13CF8173226232BD00458E8C /* Release */,
			);
			defaultConfigurationIsVisible = 0;
			defaultConfigurationName = Release;
		};
		13CF8174226232BD00458E8C /* Build configuration list for PBXNativeTarget "MailSendDemo" */ = {
			isa = XCConfigurationList;
			buildConfigurations = (
				13CF8175226232BD00458E8C /* Debug */,
				13CF8176226232BD00458E8C /* Release */,
			);
			defaultConfigurationIsVisible = 0;
			defaultConfigurationName = Release;
		};
/* End XCConfigurationList section */
	};
	rootObject = 13CF8156226232BB00458E8C /* Project object */;
}
